
Microsoft Visual Studio Solution File, Format Version 12.00
# Visual Studio 14
VisualStudioVersion = 14.0.25420.1
MinimumVisualStudioVersion = 10.0.40219.1
Project("{FAE04EC0-301F-11D3-BF4B-00C04F79EFBC}") = "MarkSheetFrom-Sec-M", "MarkSheetFrom-Sec-M\MarkSheetFrom-Sec-M.csproj", "{978793DF-3FA7-4B12-AC08-F3D786940EF4}"
EndProject
Global
	GlobalSection(SolutionConfigurationPlatforms) = preSolution
		Debug|Any CPU = Debug|Any CPU
		Release|Any CPU = Release|Any CPU
	EndGlobalSection
	GlobalSection(ProjectConfigurationPlatforms) = postSolution
		{978793DF-3FA7-4B12-AC08-F3D786940EF4}.Debug|Any CPU.ActiveCfg = Debug|Any CPU
		{978793DF-3FA7-4B12-AC08-F3D786940EF4}.Debug|Any CPU.Build.0 = Debug|Any CPU
		{978793DF-3FA7-4B12-AC08-F3D786940EF4}.Release|Any CPU.ActiveCfg = Release|Any CPU
		{978793DF-3FA7-4B12-AC08-F3D786940EF4}.Release|Any CPU.Build.0 = Release|Any CPU
	EndGlobalSection
	GlobalSection(SolutionProperties) = preSolution
		HideSolutionNode = FALSE
	EndGlobalSection
EndGlobal
